
Microsoft Visual Studio Solution File, Format Version 12.00
# Visual Studio Version 16
VisualStudioVersion = 16.0.31829.152
MinimumVisualStudioVersion = 10.0.40219.1
Project("{FAE04EC0-301F-11D3-BF4B-00C04F79EFBC}") = "CICDApp", "WebApplication1\CICDApp.csproj", "{C656A6C7-B778-4B24-A776-525BAC03907E}"
EndProject
Global
	GlobalSection(SolutionConfigurationPlatforms) = preSolution
		Debug|Any CPU = Debug|Any CPU
		Release|Any CPU = Release|Any CPU
	EndGlobalSection
	GlobalSection(ProjectConfigurationPlatforms) = postSolution
		{C656A6C7-B778-4B24-A776-525BAC03907E}.Debug|Any CPU.ActiveCfg = Debug|Any CPU
		{C656A6C7-B778-4B24-A776-525BAC03907E}.Debug|Any CPU.Build.0 = Debug|Any CPU
		{C656A6C7-B778-4B24-A776-525BAC03907E}.Release|Any CPU.ActiveCfg = Release|Any CPU
		{C656A6C7-B778-4B24-A776-525BAC03907E}.Release|Any CPU.Build.0 = Release|Any CPU
	EndGlobalSection
	GlobalSection(SolutionProperties) = preSolution
		HideSolutionNode = FALSE
	EndGlobalSection
	GlobalSection(ExtensibilityGlobals) = postSolution
		SolutionGuid = {32B71042-99C2-445F-8C0C-A950E1D421AA}
	EndGlobalSection
EndGlobal
